{
  "nodes": {
    "baouncer": {
      "inputs": {
        "crane": "crane",
        "fenix": "fenix",
        "flake-utils": "flake-utils",
        "nixpkgs": [
          "nixpkgs"
        ]
      },
      "locked": {
        "lastModified": 1724646280,
        "narHash": "sha256-4/BFLFX5Tapi+Xv5qknLMdDu+aFM8Gic+XwuqF/z/Yo=",
        "owner": "lalilul3lo",
        "repo": "baouncer",
        "rev": "c264676a314cad5703a26b2a4f73250872d28eb6",
        "type": "github"
      },
      "original": {
        "owner": "lalilul3lo",
        "repo": "baouncer",
        "type": "github"
      }
    },
    "crane": {
      "inputs": {
        "nixpkgs": [
          "baouncer",
          "nixpkgs"
        ]
      },
      "locked": {
        "lastModified": 1724006180,
        "narHash": "sha256-PVxPj0Ga2fMYMtcT9ARCthF+4U71YkOT7ZjgD/vf1Aw=",
        "owner": "ipetkov",
        "repo": "crane",
        "rev": "7ce92819802bc583b7e82ebc08013a530f22209f",
        "type": "github"
      },
      "original": {
        "owner": "ipetkov",
        "repo": "crane",
        "type": "github"
      }
    },
    "fenix": {
      "inputs": {
        "nixpkgs": [
          "baouncer",
          "nixpkgs"
        ],
        "rust-analyzer-src": [
          "baouncer"
        ]
      },
      "locked": {
        "lastModified": 1724135364,
        "narHash": "sha256-DuPnJXOeigXK8xQdP6BBc6MqJ9p4TzvNUqSrB2P1GQ4=",
        "owner": "nix-community",
        "repo": "fenix",
        "rev": "b6a1c29a8f460af63f66cad2b5acf3b78867603e",
        "type": "github"
      },
      "original": {
        "owner": "nix-community",
        "repo": "fenix",
        "type": "github"
      }
    },
    "flake-compat": {
      "flake": false,
      "locked": {
        "lastModified": 1696426674,
        "narHash": "sha256-kvjfFW7WAETZlt09AgDn1MrtKzP7t90Vf7vypd3OL1U=",
        "owner": "edolstra",
        "repo": "flake-compat",
        "rev": "0f9255e01c2351cc7d116c072cb317785dd33b33",
        "type": "github"
      },
      "original": {
        "owner": "edolstra",
        "repo": "flake-compat",
        "type": "github"
      }
    },
    "flake-compat_2": {
      "flake": false,
      "locked": {
        "lastModified": 1696426674,
        "narHash": "sha256-kvjfFW7WAETZlt09AgDn1MrtKzP7t90Vf7vypd3OL1U=",
        "owner": "edolstra",
        "repo": "flake-compat",
        "rev": "0f9255e01c2351cc7d116c072cb317785dd33b33",
        "type": "github"
      },
      "original": {
        "owner": "edolstra",
        "repo": "flake-compat",
        "type": "github"
      }
    },
    "flake-parts": {
      "inputs": {
        "nixpkgs-lib": [
          "neovim-nightly-overlay",
          "nixpkgs"
        ]
      },
      "locked": {
        "lastModified": 1719994518,
        "narHash": "sha256-pQMhCCHyQGRzdfAkdJ4cIWiw+JNuWsTX7f0ZYSyz0VY=",
        "owner": "hercules-ci",
        "repo": "flake-parts",
        "rev": "9227223f6d922fee3c7b190b2cc238a99527bbb7",
        "type": "github"
      },
      "original": {
        "owner": "hercules-ci",
        "repo": "flake-parts",
        "type": "github"
      }
    },
    "flake-parts_2": {
      "inputs": {
        "nixpkgs-lib": [
          "neovim-nightly-overlay",
          "hercules-ci-effects",
          "nixpkgs"
        ]
      },
      "locked": {
        "lastModified": 1712014858,
        "narHash": "sha256-sB4SWl2lX95bExY2gMFG5HIzvva5AVMJd4Igm+GpZNw=",
        "owner": "hercules-ci",
        "repo": "flake-parts",
        "rev": "9126214d0a59633752a136528f5f3b9aa8565b7d",
        "type": "github"
      },
      "original": {
        "id": "flake-parts",
        "type": "indirect"
      }
    },
    "flake-utils": {
      "inputs": {
        "systems": "systems"
      },
      "locked": {
        "lastModified": 1710146030,
        "narHash": "sha256-SZ5L6eA7HJ/nmkzGG7/ISclqe6oZdOZTNoesiInkXPQ=",
        "owner": "numtide",
        "repo": "flake-utils",
        "rev": "b1d9ab70662946ef0850d488da1c9019f3a9752a",
        "type": "github"
      },
      "original": {
        "owner": "numtide",
        "repo": "flake-utils",
        "type": "github"
      }
    },
    "git-hooks": {
      "inputs": {
        "flake-compat": "flake-compat_2",
        "gitignore": "gitignore",
        "nixpkgs": [
          "neovim-nightly-overlay",
          "nixpkgs"
        ],
        "nixpkgs-stable": [
          "neovim-nightly-overlay",
          "nixpkgs"
        ]
      },
      "locked": {
        "lastModified": 1721042469,
        "narHash": "sha256-6FPUl7HVtvRHCCBQne7Ylp4p+dpP3P/OYuzjztZ4s70=",
        "owner": "cachix",
        "repo": "git-hooks.nix",
        "rev": "f451c19376071a90d8c58ab1a953c6e9840527fd",
        "type": "github"
      },
      "original": {
        "owner": "cachix",
        "repo": "git-hooks.nix",
        "type": "github"
      }
    },
    "gitignore": {
      "inputs": {
        "nixpkgs": [
          "neovim-nightly-overlay",
          "git-hooks",
          "nixpkgs"
        ]
      },
      "locked": {
        "lastModified": 1709087332,
        "narHash": "sha256-HG2cCnktfHsKV0s4XW83gU3F57gaTljL9KNSuG6bnQs=",
        "owner": "hercules-ci",
        "repo": "gitignore.nix",
        "rev": "637db329424fd7e46cf4185293b9cc8c88c95394",
        "type": "github"
      },
      "original": {
        "owner": "hercules-ci",
        "repo": "gitignore.nix",
        "type": "github"
      }
    },
    "hercules-ci-effects": {
      "inputs": {
        "flake-parts": "flake-parts_2",
        "nixpkgs": [
          "neovim-nightly-overlay",
          "nixpkgs"
        ]
      },
      "locked": {
        "lastModified": 1719226092,
        "narHash": "sha256-YNkUMcCUCpnULp40g+svYsaH1RbSEj6s4WdZY/SHe38=",
        "owner": "hercules-ci",
        "repo": "hercules-ci-effects",
        "rev": "11e4b8dc112e2f485d7c97e1cee77f9958f498f5",
        "type": "github"
      },
      "original": {
        "owner": "hercules-ci",
        "repo": "hercules-ci-effects",
        "type": "github"
      }
    },
    "home-manager": {
      "inputs": {
        "nixpkgs": [
          "nixpkgs"
        ]
      },
      "locked": {
        "lastModified": 1715486357,
        "narHash": "sha256-4pRuzsHZOW5W4CsXI9uhKtiJeQSUoe1d2M9mWU98HC4=",
        "owner": "nix-community",
        "repo": "home-manager",
        "rev": "44677a1c96810a8e8c4ffaeaad10c842402647c1",
        "type": "github"
      },
      "original": {
        "owner": "nix-community",
        "repo": "home-manager",
        "type": "github"
      }
    },
    "neovim-nightly-overlay": {
      "inputs": {
        "flake-compat": "flake-compat",
        "flake-parts": "flake-parts",
        "git-hooks": "git-hooks",
        "hercules-ci-effects": "hercules-ci-effects",
        "neovim-src": "neovim-src",
        "nixpkgs": "nixpkgs"
      },
      "locked": {
        "lastModified": 1722041514,
        "narHash": "sha256-P5jP2qPycCDAFHYQqwhhGABbWFRq1t9PsHyDUytcz48=",
        "owner": "nix-community",
        "repo": "neovim-nightly-overlay",
        "rev": "4d8b2d84d26e99dab6c823ec54dea4f7043e10b8",
        "type": "github"
      },
      "original": {
        "owner": "nix-community",
        "repo": "neovim-nightly-overlay",
        "type": "github"
      }
    },
    "neovim-src": {
      "flake": false,
      "locked": {
        "lastModified": 1722035529,
        "narHash": "sha256-OT0eI7sTzcgSnQqPEOXqFd2iVULQ80BTgXr4haWO1s0=",
        "owner": "neovim",
        "repo": "neovim",
        "rev": "aa853f362addded400d52d8fdfe5247c300c0e89",
        "type": "github"
      },
      "original": {
        "owner": "neovim",
        "repo": "neovim",
        "type": "github"
      }
    },
    "nixpkgs": {
      "locked": {
        "lastModified": 1722073938,
        "narHash": "sha256-OpX0StkL8vpXyWOGUD6G+MA26wAXK6SpT94kLJXo6B4=",
        "owner": "NixOS",
        "repo": "nixpkgs",
        "rev": "e36e9f57337d0ff0cf77aceb58af4c805472bfae",
        "type": "github"
      },
      "original": {
        "owner": "NixOS",
        "ref": "nixpkgs-unstable",
        "repo": "nixpkgs",
        "type": "github"
      }
    },
    "nixpkgs_2": {
      "locked": {
        "lastModified": 1715499532,
        "narHash": "sha256-9UJLb8rdi2VokYcfOBQHUzP3iNxOPNWcbK++ENElpk0=",
        "owner": "nixos",
        "repo": "nixpkgs",
        "rev": "af8b9db5c00f1a8e4b83578acc578ff7d823b786",
        "type": "github"
      },
      "original": {
        "owner": "nixos",
        "ref": "nixpkgs-unstable",
        "repo": "nixpkgs",
        "type": "github"
      }
    },
    "plugin-cyberpunk-nvim": {
      "flake": false,
      "locked": {
        "lastModified": 1678292853,
        "narHash": "sha256-IW+nVYtWdGLgxhuBxGXbxNZlFhNk0a2PpQ5AJCGvDLU=",
        "owner": "samueljoli",
        "repo": "cyberpunk.nvim",
        "rev": "5a223942c652a866626b97d86d2a611dfbbf4a66",
        "type": "github"
      },
      "original": {
        "owner": "samueljoli",
        "repo": "cyberpunk.nvim",
        "type": "github"
      }
    },
    "plugin-dir-telescope": {
      "flake": false,
      "locked": {
        "lastModified": 1724719740,
        "narHash": "sha256-B/cZUkjAVi52jopBwZJYmiaVf8PqnawusnSGOx7dDqs=",
        "owner": "princejoogie",
        "repo": "dir-telescope.nvim",
        "rev": "805405b9f98dc3470f8676773dc0e6151a9158ed",
        "type": "github"
      },
      "original": {
        "owner": "princejoogie",
        "repo": "dir-telescope.nvim",
        "type": "github"
      }
    },
    "plugin-gruvbox-nvim": {
      "flake": false,
      "locked": {
        "lastModified": 1720105192,
        "narHash": "sha256-+t9jdpvykfBDgXelDc/3bAOCN7cmu6/TwFoZy47zKUM=",
        "owner": "ellisonleao",
        "repo": "gruvbox.nvim",
        "rev": "7a1b23e4edf73a39642e77508ee6b9cbb8c60f9e",
        "type": "github"
      },
      "original": {
        "owner": "ellisonleao",
        "repo": "gruvbox.nvim",
        "type": "github"
      }
    },
    "plugin-heirline-components": {
      "flake": false,
      "locked": {
        "lastModified": 1718209926,
        "narHash": "sha256-lKyW8o0xYeq5bzCgImAbUHjnU2hJsbuzSQN9vmupFnU=",
        "owner": "Zeioth",
        "repo": "heirline-components.nvim",
        "rev": "2cb2702fe05479390b7cbd5cf97f3c3388270d63",
        "type": "github"
      },
      "original": {
        "owner": "Zeioth",
        "repo": "heirline-components.nvim",
        "type": "github"
      }
    },
    "plugin-lazydev-nvim": {
      "flake": false,
      "locked": {
        "lastModified": 1721897868,
        "narHash": "sha256-D5gP2rVPYoWc8hslTrH7Z90cE7XEu+tfkD6FZzY/iPk=",
        "owner": "folke",
        "repo": "lazydev.nvim",
        "rev": "491452cf1ca6f029e90ad0d0368848fac717c6d2",
        "type": "github"
      },
      "original": {
        "owner": "folke",
        "repo": "lazydev.nvim",
        "type": "github"
      }
    },
    "plugin-luvit-meta": {
      "flake": false,
      "locked": {
        "lastModified": 1705776742,
        "narHash": "sha256-zAAptV/oLuLAAsa2zSB/6fxlElk4+jNZd/cPr9oxFig=",
        "owner": "Bilal2453",
        "repo": "luvit-meta",
        "rev": "ce76f6f6cdc9201523a5875a4471dcfe0186eb60",
        "type": "github"
      },
      "original": {
        "owner": "Bilal2453",
        "repo": "luvit-meta",
        "type": "github"
      }
    },
    "plugin-yazi-nvim": {
      "flake": false,
      "locked": {
        "lastModified": 1720016649,
        "narHash": "sha256-PWpFsmpthYREJI/3NRIKb1Vb9lEv3xeSO+MNXHzyUSg=",
        "owner": "mikavilpas",
        "repo": "yazi.nvim",
        "rev": "a2f7832af7462c79d57777dd8c36ad0edfb84b39",
        "type": "github"
      },
      "original": {
        "owner": "mikavilpas",
        "repo": "yazi.nvim",
        "type": "github"
      }
    },
    "root": {
      "inputs": {
        "baouncer": "baouncer",
        "home-manager": "home-manager",
        "neovim-nightly-overlay": "neovim-nightly-overlay",
        "nixpkgs": "nixpkgs_2",
        "plugin-cyberpunk-nvim": "plugin-cyberpunk-nvim",
        "plugin-dir-telescope": "plugin-dir-telescope",
        "plugin-gruvbox-nvim": "plugin-gruvbox-nvim",
        "plugin-heirline-components": "plugin-heirline-components",
        "plugin-lazydev-nvim": "plugin-lazydev-nvim",
        "plugin-luvit-meta": "plugin-luvit-meta",
        "plugin-yazi-nvim": "plugin-yazi-nvim"
      }
    },
    "systems": {
      "locked": {
        "lastModified": 1681028828,
        "narHash": "sha256-Vy1rq5AaRuLzOxct8nz4T6wlgyUR7zLU309k9mBC768=",
        "owner": "nix-systems",
        "repo": "default",
        "rev": "da67096a3b9bf56a91d16901293e51ba5b49a27e",
        "type": "github"
      },
      "original": {
        "owner": "nix-systems",
        "repo": "default",
        "type": "github"
      }
    }
  },
  "root": "root",
  "version": 7
}
